// !$*UTF8*$!
{
	archiveVersion = 1;
	classes = {
	};
	objectVersion = 55;
	objects = {

/* Begin PBXBuildFile section */
		312ED845297535CF00B27553 /* WallChess.cpp in Sources */ = {isa = PBXBuildFile; fileRef = 312ED844297535CF00B27553 /* WallChess.cpp */; };
		312ED8582975457F00B27553 /* dfs.cpp in Sources */ = {isa = PBXBuildFile; fileRef = 312ED8512975367400B27553 /* dfs.cpp */; };
		312ED8592975458600B27553 /* ioex.cpp in Sources */ = {isa = PBXBuildFile; fileRef = 312ED8502975367400B27553 /* ioex.cpp */; };
		312ED85A2975458B00B27553 /* position.cpp in Sources */ = {isa = PBXBuildFile; fileRef = 312ED84C2975367400B27553 /* position.cpp */; };
		312ED85B2975458D00B27553 /* qipan.cpp in Sources */ = {isa = PBXBuildFile; fileRef = 312ED8532975367400B27553 /* qipan.cpp */; };
		31A53D052976AC8200C5D053 /* CoreFoundation.framework in Frameworks */ = {isa = PBXBuildFile; fileRef = 31A53D042976AC8200C5D053 /* CoreFoundation.framework */; };
/* End PBXBuildFile section */

/* Begin PBXCopyFilesBuildPhase section */
		312ED83F297535CF00B27553 /* CopyFiles */ = {
			isa = PBXCopyFilesBuildPhase;
			buildActionMask = 2147483647;
			dstPath = /usr/share/man/man1/;
			dstSubfolderSpec = 0;
			files = (
			);
			runOnlyForDeploymentPostprocessing = 1;
		};
/* End PBXCopyFilesBuildPhase section */

/* Begin PBXFileReference section */
		312ED841297535CF00B27553 /* WallChess */ = {isa = PBXFileReference; explicitFileType = "compiled.mach-o.executable"; includeInIndex = 0; path = WallChess; sourceTree = BUILT_PRODUCTS_DIR; };
		312ED844297535CF00B27553 /* WallChess.cpp */ = {isa = PBXFileReference; lastKnownFileType = sourcecode.cpp.cpp; path = WallChess.cpp; sourceTree = "<group>"; usesTabs = 0; };
		312ED84B2975367400B27553 /* qipan.h */ = {isa = PBXFileReference; lastKnownFileType = sourcecode.c.h; path = qipan.h; sourceTree = "<group>"; };
		312ED84C2975367400B27553 /* position.cpp */ = {isa = PBXFileReference; lastKnownFileType = sourcecode.cpp.cpp; path = position.cpp; sourceTree = "<group>"; };
		312ED84D2975367400B27553 /* ioex.h */ = {isa = PBXFileReference; lastKnownFileType = sourcecode.c.h; path = ioex.h; sourceTree = "<group>"; };
		312ED84F2975367400B27553 /* position.h */ = {isa = PBXFileReference; lastKnownFileType = sourcecode.c.h; path = position.h; sourceTree = "<group>"; };
		312ED8502975367400B27553 /* ioex.cpp */ = {isa = PBXFileReference; lastKnownFileType = sourcecode.cpp.cpp; path = ioex.cpp; sourceTree = "<group>"; };
		312ED8512975367400B27553 /* dfs.cpp */ = {isa = PBXFileReference; lastKnownFileType = sourcecode.cpp.cpp; path = dfs.cpp; sourceTree = "<group>"; };
		312ED8522975367400B27553 /* dfs.h */ = {isa = PBXFileReference; lastKnownFileType = sourcecode.c.h; path = dfs.h; sourceTree = "<group>"; };
		312ED8532975367400B27553 /* qipan.cpp */ = {isa = PBXFileReference; lastKnownFileType = sourcecode.cpp.cpp; path = qipan.cpp; sourceTree = "<group>"; };
		312ED8622975796800B27553 /* help.txt */ = {isa = PBXFileReference; lastKnownFileType = text; path = help.txt; sourceTree = "<group>"; };
		31A53D042976AC8200C5D053 /* CoreFoundation.framework */ = {isa = PBXFileReference; lastKnownFileType = wrapper.framework; name = CoreFoundation.framework; path = System/Library/Frameworks/CoreFoundation.framework; sourceTree = SDKROOT; };
/* End PBXFileReference section */

/* Begin PBXFrameworksBuildPhase section */
		312ED83E297535CF00B27553 /* Frameworks */ = {
			isa = PBXFrameworksBuildPhase;
			buildActionMask = 2147483647;
			files = (
				31A53D052976AC8200C5D053 /* CoreFoundation.framework in Frameworks */,
			);
			runOnlyForDeploymentPostprocessing = 0;
		};
/* End PBXFrameworksBuildPhase section */

/* Begin PBXGroup section */
		312ED838297535CF00B27553 = {
			isa = PBXGroup;
			children = (
				312ED843297535CF00B27553 /* WallChess */,
				312ED842297535CF00B27553 /* Products */,
				312ED85D2975474E00B27553 /* Frameworks */,
			);
			sourceTree = "<group>";
		};
		312ED842297535CF00B27553 /* Products */ = {
			isa = PBXGroup;
			children = (
				312ED841297535CF00B27553 /* WallChess */,
			);
			name = Products;
			sourceTree = "<group>";
		};
		312ED843297535CF00B27553 /* WallChess */ = {
			isa = PBXGroup;
			children = (
				312ED8622975796800B27553 /* help.txt */,
				312ED844297535CF00B27553 /* WallChess.cpp */,
				312ED8512975367400B27553 /* dfs.cpp */,
				312ED8522975367400B27553 /* dfs.h */,
				312ED8502975367400B27553 /* ioex.cpp */,
				312ED84D2975367400B27553 /* ioex.h */,
				312ED84C2975367400B27553 /* position.cpp */,
				312ED84F2975367400B27553 /* position.h */,
				312ED8532975367400B27553 /* qipan.cpp */,
				312ED84B2975367400B27553 /* qipan.h */,
			);
			path = WallChess;
			sourceTree = "<group>";
		};
		312ED85D2975474E00B27553 /* Frameworks */ = {
			isa = PBXGroup;
			children = (
				31A53D042976AC8200C5D053 /* CoreFoundation.framework */,
			);
			name = Frameworks;
			sourceTree = "<group>";
		};
/* End PBXGroup section */

/* Begin PBXNativeTarget section */
		312ED840297535CF00B27553 /* WallChess */ = {
			isa = PBXNativeTarget;
			buildConfigurationList = 312ED848297535CF00B27553 /* Build configuration list for PBXNativeTarget "WallChess" */;
			buildPhases = (
				312ED83D297535CF00B27553 /* Sources */,
				312ED83E297535CF00B27553 /* Frameworks */,
				312ED83F297535CF00B27553 /* CopyFiles */,
			);
			buildRules = (
			);
			dependencies = (
			);
			name = WallChess;
			productName = WallChess;
			productReference = 312ED841297535CF00B27553 /* WallChess */;
			productType = "com.apple.product-type.tool";
		};
/* End PBXNativeTarget section */

/* Begin PBXProject section */
		312ED839297535CF00B27553 /* Project object */ = {
			isa = PBXProject;
			attributes = {
				BuildIndependentTargetsInParallel = 1;
				LastUpgradeCheck = 1340;
				TargetAttributes = {
					312ED840297535CF00B27553 = {
						CreatedOnToolsVersion = 13.4.1;
					};
				};
			};
			buildConfigurationList = 312ED83C297535CF00B27553 /* Build configuration list for PBXProject "WallChess" */;
			compatibilityVersion = "Xcode 13.0";
			developmentRegion = en;
			hasScannedForEncodings = 0;
			knownRegions = (
				en,
				Base,
			);
			mainGroup = 312ED838297535CF00B27553;
			productRefGroup = 312ED842297535CF00B27553 /* Products */;
			projectDirPath = "";
			projectRoot = "";
			targets = (
				312ED840297535CF00B27553 /* WallChess */,
			);
		};
/* End PBXProject section */

/* Begin PBXSourcesBuildPhase section */
		312ED83D297535CF00B27553 /* Sources */ = {
			isa = PBXSourcesBuildPhase;
			buildActionMask = 2147483647;
			files = (
				312ED845297535CF00B27553 /* WallChess.cpp in Sources */,
				312ED8582975457F00B27553 /* dfs.cpp in Sources */,
				312ED85A2975458B00B27553 /* position.cpp in Sources */,
				312ED8592975458600B27553 /* ioex.cpp in Sources */,
				312ED85B2975458D00B27553 /* qipan.cpp in Sources */,
			);
			runOnlyForDeploymentPostprocessing = 0;
		};
/* End PBXSourcesBuildPhase section */

/* Begin XCBuildConfiguration section */
		312ED846297535CF00B27553 /* Debug */ = {
			isa = XCBuildConfiguration;
			buildSettings = {
				ALWAYS_SEARCH_USER_PATHS = NO;
				CLANG_ANALYZER_NONNULL = YES;
				CLANG_ANALYZER_NUMBER_OBJECT_CONVERSION = YES_AGGRESSIVE;
				CLANG_CXX_LANGUAGE_STANDARD = "gnu++17";
				CLANG_ENABLE_MODULES = YES;
				CLANG_ENABLE_OBJC_ARC = YES;
				CLANG_ENABLE_OBJC_WEAK = YES;
				CLANG_WARN_BLOCK_CAPTURE_AUTORELEASING = YES;
				CLANG_WARN_BOOL_CONVERSION = YES;
				CLANG_WARN_COMMA = YES;
				CLANG_WARN_CONSTANT_CONVERSION = YES;
				CLANG_WARN_DEPRECATED_OBJC_IMPLEMENTATIONS = YES;
				CLANG_WARN_DIRECT_OBJC_ISA_USAGE = YES_ERROR;
				CLANG_WARN_DOCUMENTATION_COMMENTS = YES;
				CLANG_WARN_EMPTY_BODY = YES;
				CLANG_WARN_ENUM_CONVERSION = YES;
				CLANG_WARN_INFINITE_RECURSION = YES;
				CLANG_WARN_INT_CONVERSION = YES;
				CLANG_WARN_NON_LITERAL_NULL_CONVERSION = YES;
				CLANG_WARN_OBJC_IMPLICIT_RETAIN_SELF = YES;
				CLANG_WARN_OBJC_LITERAL_CONVERSION = YES;
				CLANG_WARN_OBJC_ROOT_CLASS = YES_ERROR;
				CLANG_WARN_QUOTED_INCLUDE_IN_FRAMEWORK_HEADER = YES;
				CLANG_WARN_RANGE_LOOP_ANALYSIS = YES;
				CLANG_WARN_STRICT_PROTOTYPES = YES;
				CLANG_WARN_SUSPICIOUS_MOVE = YES;
				CLANG_WARN_UNGUARDED_AVAILABILITY = YES_AGGRESSIVE;
				CLANG_WARN_UNREACHABLE_CODE = YES;
				CLANG_WARN__DUPLICATE_METHOD_MATCH = YES;
				COPY_PHASE_STRIP = NO;
				DEBUG_INFORMATION_FORMAT = dwarf;
				ENABLE_STRICT_OBJC_MSGSEND = YES;
				ENABLE_TESTABILITY = YES;
				GCC_C_LANGUAGE_STANDARD = gnu11;
				GCC_DYNAMIC_NO_PIC = NO;
				GCC_NO_COMMON_BLOCKS = YES;
				GCC_OPTIMIZATION_LEVEL = 0;
				GCC_PREPROCESSOR_DEFINITIONS = (
					"DEBUG=1",
					"$(inherited)",
				);
				GCC_WARN_64_TO_32_BIT_CONVERSION = YES;
				GCC_WARN_ABOUT_RETURN_TYPE = YES_ERROR;
				GCC_WARN_UNDECLARED_SELECTOR = YES;
				GCC_WARN_UNINITIALIZED_AUTOS = YES_AGGRESSIVE;
				GCC_WARN_UNUSED_FUNCTION = YES;
				GCC_WARN_UNUSED_VARIABLE = YES;
				MACOSX_DEPLOYMENT_TARGET = 12.3;
				MTL_ENABLE_DEBUG_INFO = INCLUDE_SOURCE;
				MTL_FAST_MATH = YES;
				ONLY_ACTIVE_ARCH = YES;
				SDKROOT = macosx;
			};
			name = Debug;
		};
		312ED847297535CF00B27553 /* Release */ = {
			isa = XCBuildConfiguration;
			buildSettings = {
				ALWAYS_SEARCH_USER_PATHS = NO;
				CLANG_ANALYZER_NONNULL = YES;
				CLANG_ANALYZER_NUMBER_OBJECT_CONVERSION = YES_AGGRESSIVE;
				CLANG_CXX_LANGUAGE_STANDARD = "gnu++17";
				CLANG_ENABLE_MODULES = YES;
				CLANG_ENABLE_OBJC_ARC = YES;
				CLANG_ENABLE_OBJC_WEAK = YES;
				CLANG_WARN_BLOCK_CAPTURE_AUTORELEASING = YES;
				CLANG_WARN_BOOL_CONVERSION = YES;
				CLANG_WARN_COMMA = YES;
				CLANG_WARN_CONSTANT_CONVERSION = YES;
				CLANG_WARN_DEPRECATED_OBJC_IMPLEMENTATIONS = YES;
				CLANG_WARN_DIRECT_OBJC_ISA_USAGE = YES_ERROR;
				CLANG_WARN_DOCUMENTATION_COMMENTS = YES;
				CLANG_WARN_EMPTY_BODY = YES;
				CLANG_WARN_ENUM_CONVERSION = YES;
				CLANG_WARN_INFINITE_RECURSION = YES;
				CLANG_WARN_INT_CONVERSION = YES;
				CLANG_WARN_NON_LITERAL_NULL_CONVERSION = YES;
				CLANG_WARN_OBJC_IMPLICIT_RETAIN_SELF = YES;
				CLANG_WARN_OBJC_LITERAL_CONVERSION = YES;
				CLANG_WARN_OBJC_ROOT_CLASS = YES_ERROR;
				CLANG_WARN_QUOTED_INCLUDE_IN_FRAMEWORK_HEADER = YES;
				CLANG_WARN_RANGE_LOOP_ANALYSIS = YES;
				CLANG_WARN_STRICT_PROTOTYPES = YES;
				CLANG_WARN_SUSPICIOUS_MOVE = YES;
				CLANG_WARN_UNGUARDED_AVAILABILITY = YES_AGGRESSIVE;
				CLANG_WARN_UNREACHABLE_CODE = YES;
				CLANG_WARN__DUPLICATE_METHOD_MATCH = YES;
				COPY_PHASE_STRIP = NO;
				DEBUG_INFORMATION_FORMAT = "dwarf-with-dsym";
				ENABLE_NS_ASSERTIONS = NO;
				ENABLE_STRICT_OBJC_MSGSEND = YES;
				GCC_C_LANGUAGE_STANDARD = gnu11;
				GCC_NO_COMMON_BLOCKS = YES;
				GCC_WARN_64_TO_32_BIT_CONVERSION = YES;
				GCC_WARN_ABOUT_RETURN_TYPE = YES_ERROR;
				GCC_WARN_UNDECLARED_SELECTOR = YES;
				GCC_WARN_UNINITIALIZED_AUTOS = YES_AGGRESSIVE;
				GCC_WARN_UNUSED_FUNCTION = YES;
				GCC_WARN_UNUSED_VARIABLE = YES;
				MACOSX_DEPLOYMENT_TARGET = 12.3;
				MTL_ENABLE_DEBUG_INFO = NO;
				MTL_FAST_MATH = YES;
				SDKROOT = macosx;
			};
			name = Release;
		};
		312ED849297535CF00B27553 /* Debug */ = {
			isa = XCBuildConfiguration;
			buildSettings = {
				CODE_SIGN_STYLE = Automatic;
				DEVELOPMENT_TEAM = V3SXTGG3T5;
				ENABLE_HARDENED_RUNTIME = YES;
				OTHER_LDFLAGS = "-fexec-charset=GBK";
				PRODUCT_NAME = "$(TARGET_NAME)";
			};
			name = Debug;
		};
		312ED84A297535CF00B27553 /* Release */ = {
			isa = XCBuildConfiguration;
			buildSettings = {
				CODE_SIGN_STYLE = Automatic;
				DEVELOPMENT_TEAM = V3SXTGG3T5;
				ENABLE_HARDENED_RUNTIME = YES;
				OTHER_LDFLAGS = "-fexec-charset=GBK";
				PRODUCT_NAME = "$(TARGET_NAME)";
			};
			name = Release;
		};
/* End XCBuildConfiguration section */

/* Begin XCConfigurationList section */
		312ED83C297535CF00B27553 /* Build configuration list for PBXProject "WallChess" */ = {
			isa = XCConfigurationList;
			buildConfigurations = (
				312ED846297535CF00B27553 /* Debug */,
				312ED847297535CF00B27553 /* Release */,
			);
			defaultConfigurationIsVisible = 0;
			defaultConfigurationName = Release;
		};
		312ED848297535CF00B27553 /* Build configuration list for PBXNativeTarget "WallChess" */ = {
			isa = XCConfigurationList;
			buildConfigurations = (
				312ED849297535CF00B27553 /* Debug */,
				312ED84A297535CF00B27553 /* Release */,
			);
			defaultConfigurationIsVisible = 0;
			defaultConfigurationName = Release;
		};
/* End XCConfigurationList section */
	};
	rootObject = 312ED839297535CF00B27553 /* Project object */;
}
